
Microsoft Visual Studio Solution File, Format Version 12.00
# Visual Studio Version 16
VisualStudioVersion = 16.0.29123.88
MinimumVisualStudioVersion = 10.0.40219.1
Project("{8BC9CEB8-8B4A-11D0-8D11-00A0C91BC942}") = "Render", "Render\Render.vcxproj", "{A0F4C727-1A48-4A96-94E9-886B54AAA2E2}"
EndProject
Project("{8BC9CEB8-8B4A-11D0-8D11-00A0C91BC942}") = "RenderTest", "RenderTest\RenderTest.vcxproj", "{BF77DDB3-F7A0-43BD-AC36-41F21ADCDCCB}"
EndProject
Global
	GlobalSection(SolutionConfigurationPlatforms) = preSolution
		Debug|x64 = Debug|x64
		Debug|x86 = Debug|x86
		Release|x64 = Release|x64
		Release|x86 = Release|x86
	EndGlobalSection
	GlobalSection(ProjectConfigurationPlatforms) = postSolution
		{A0F4C727-1A48-4A96-94E9-886B54AAA2E2}.Debug|x64.ActiveCfg = Debug|x64
		{A0F4C727-1A48-4A96-94E9-886B54AAA2E2}.Debug|x64.Build.0 = Debug|x64
		{A0F4C727-1A48-4A96-94E9-886B54AAA2E2}.Debug|x86.ActiveCfg = Debug|Win32
		{A0F4C727-1A48-4A96-94E9-886B54AAA2E2}.Debug|x86.Build.0 = Debug|Win32
		{A0F4C727-1A48-4A96-94E9-886B54AAA2E2}.Release|x64.ActiveCfg = Release|x64
		{A0F4C727-1A48-4A96-94E9-886B54AAA2E2}.Release|x64.Build.0 = Release|x64
		{A0F4C727-1A48-4A96-94E9-886B54AAA2E2}.Release|x86.ActiveCfg = Release|Win32
		{A0F4C727-1A48-4A96-94E9-886B54AAA2E2}.Release|x86.Build.0 = Release|Win32
		{BF77DDB3-F7A0-43BD-AC36-41F21ADCDCCB}.Debug|x64.ActiveCfg = Debug|x64
		{BF77DDB3-F7A0-43BD-AC36-41F21ADCDCCB}.Debug|x64.Build.0 = Debug|x64
		{BF77DDB3-F7A0-43BD-AC36-41F21ADCDCCB}.Debug|x86.ActiveCfg = Debug|Win32
		{BF77DDB3-F7A0-43BD-AC36-41F21ADCDCCB}.Debug|x86.Build.0 = Debug|Win32
		{BF77DDB3-F7A0-43BD-AC36-41F21ADCDCCB}.Release|x64.ActiveCfg = Release|x64
		{BF77DDB3-F7A0-43BD-AC36-41F21ADCDCCB}.Release|x64.Build.0 = Release|x64
		{BF77DDB3-F7A0-43BD-AC36-41F21ADCDCCB}.Release|x86.ActiveCfg = Release|Win32
		{BF77DDB3-F7A0-43BD-AC36-41F21ADCDCCB}.Release|x86.Build.0 = Release|Win32
	EndGlobalSection
	GlobalSection(SolutionProperties) = preSolution
		HideSolutionNode = FALSE
	EndGlobalSection
	GlobalSection(ExtensibilityGlobals) = postSolution
		SolutionGuid = {9D2CA148-FCC9-457D-AF83-9D27F4B6FD73}
	EndGlobalSection
EndGlobal
